{
  "name": "jordan-uses-mediastack",
  "version": "1.0.0",
  "lockfileVersion": 1,
  "requires": true,
  "dependencies": {
    "@types/axios": {
      "version": "0.14.0",
      "resolved": "https://lenovosoftware.jfrog.io/lenovosoftware/api/npm/npmjs-virtual/@types/axios/-/axios-0.14.0.tgz",
      "integrity": "sha1-7CMA++fX3d1+udOr+HmZlkyvzkY=",
      "dev": true,
      "requires": {
        "axios": "*"
      }
    },
    "@types/dotenv": {
      "version": "8.2.0",
      "resolved": "https://lenovosoftware.jfrog.io/lenovosoftware/api/npm/npmjs-virtual/@types/dotenv/-/dotenv-8.2.0.tgz",
      "integrity": "sha1-XNZHEMPJjoLZ0VhEN1ozvxtF0FM=",
      "dev": true,
      "requires": {
        "dotenv": "*"
      }
    },
    "@types/node": {
      "version": "14.11.5",
      "resolved": "https://lenovosoftware.jfrog.io/lenovosoftware/api/npm/npmjs-virtual/@types/node/-/node-14.11.5.tgz",
      "integrity": "sha1-/srUHAQcrn8kBK1LLQdC/bYoswU=",
      "dev": true
    },
    "axios": {
      "version": "0.20.0",
      "resolved": "https://lenovosoftware.jfrog.io/lenovosoftware/api/npm/npmjs-virtual/axios/-/axios-0.20.0.tgz",
      "integrity": "sha1-BXujDwSIRpSZOozQf6OUz/EcUL0=",
      "requires": {
        "follow-redirects": "^1.10.0"
      }
    },
    "dotenv": {
      "version": "8.2.0",
      "resolved": "https://lenovosoftware.jfrog.io/lenovosoftware/api/npm/npmjs-virtual/dotenv/-/dotenv-8.2.0.tgz",
      "integrity": "sha1-l+YZJZradQ7qPk6j4mvO6lQksWo="
    },
    "follow-redirects": {
      "version": "1.13.0",
      "resolved": "https://lenovosoftware.jfrog.io/lenovosoftware/api/npm/npmjs-virtual/follow-redirects/-/follow-redirects-1.13.0.tgz",
      "integrity": "sha1-tC6Nk6Kn7qXtiGM2dtZZe8jjhNs="
    },
    "typescript": {
      "version": "4.0.3",
      "resolved": "https://lenovosoftware.jfrog.io/lenovosoftware/api/npm/npmjs-virtual/typescript/-/typescript-4.0.3.tgz",
      "integrity": "sha1-FTu9Ro7wdyXB35x36LRT+NNqu6U=",
      "dev": true
    }
  }
}
